GEM
  remote: https://rubygems.org/
  specs:
    builder (3.2.0)
    coderay (1.0.9)
    jwt (0.1.8)
      multi_json (>= 1.5)
    method_source (0.8.1)
    multi_json (1.7.1)
    pry (0.9.12)
      coderay (~> 1.0.5)
      method_source (~> 0.8)
      slop (~> 3.4)
    slop (3.4.4)
    twilio-ruby (3.9.0)
      builder (>= 2.1.2)
      jwt (>= 0.1.2)
      multi_json (>= 1.3.0)

PLATFORMS
  ruby

DEPENDENCIES
  pry
  twilio-ruby
